{
  "name": "bmad-skills",
  "version": "2.2.1",
  "lockfileVersion": 3,
  "requires": true,
  "packages": {
    "": {
      "name": "bmad-skills",
      "version": "2.2.1",
      "license": "MIT",
      "bin": {
        "bmad-skills": "bin/cli.js"
      },
      "engines": {
        "node": ">=14.0.0"
      }
    }
  }
}
